
Microsoft Visual Studio Solution File, Format Version 12.00
Project("{FAE04EC0-301F-11D3-BF4B-00C04F79EFBC}") = "AutoTf.AuthentikDashboard", "AutoTf.AuthentikDashboard\AutoTf.AuthentikDashboard.csproj", "{B348A83D-FC34-4BB8-B8B3-F40C60C752CF}"
EndProject
Project("{2150E333-8FDC-42A3-9474-1A3956D46DE8}") = "Solution Items", "Solution Items", "{0046F2D5-50C3-4306-AE27-A81269CEF3F8}"
	ProjectSection(SolutionItems) = preProject
		docker-compose.yml = docker-compose.yml
		publishScript.sh = publishScript.sh
		Dockerfile = Dockerfile
		.dockerignore = .dockerignore
	EndProjectSection
EndProject
Project("{FAE04EC0-301F-11D3-BF4B-00C04F79EFBC}") = "AutoTf.AuthentikDashboard.Avalonia", "AutoTf.AuthentikDashboard.Avalonia\AutoTf.AuthentikDashboard.Avalonia.csproj", "{150B6AF6-B1A3-41A0-B5BA-5E828EDC1B6E}"
EndProject
Project("{FAE04EC0-301F-11D3-BF4B-00C04F79EFBC}") = "AutoTf.AuthentikDashboard.Avalonia.Browser", "AutoTf.AuthentikDashboard.Avalonia.Browser\AutoTf.AuthentikDashboard.Avalonia.Browser.csproj", "{6CF0B74B-F70F-4CA0-B8ED-6C59703B4C20}"
EndProject
Project("{FAE04EC0-301F-11D3-BF4B-00C04F79EFBC}") = "AutoTf.AuthentikDashboard.Models", "AutoTf.AuthentikDashboard.Models\AutoTf.AuthentikDashboard.Models.csproj", "{455E113A-8431-4A2F-B9A7-F48A107CC758}"
EndProject
Global
	GlobalSection(SolutionConfigurationPlatforms) = preSolution
		Debug|Any CPU = Debug|Any CPU
		Release|Any CPU = Release|Any CPU
		ReleaseNoFrontend|Any CPU = ReleaseNoFrontend|Any CPU
	EndGlobalSection
	GlobalSection(ProjectConfigurationPlatforms) = postSolution
		{B348A83D-FC34-4BB8-B8B3-F40C60C752CF}.Debug|Any CPU.ActiveCfg = Debug|Any CPU
		{B348A83D-FC34-4BB8-B8B3-F40C60C752CF}.Debug|Any CPU.Build.0 = Debug|Any CPU
		{B348A83D-FC34-4BB8-B8B3-F40C60C752CF}.Release|Any CPU.ActiveCfg = Release|Any CPU
		{B348A83D-FC34-4BB8-B8B3-F40C60C752CF}.Release|Any CPU.Build.0 = Release|Any CPU
		{B348A83D-FC34-4BB8-B8B3-F40C60C752CF}.ReleaseNoFrontend|Any CPU.ActiveCfg = ReleaseNoFrontend|Any CPU
		{B348A83D-FC34-4BB8-B8B3-F40C60C752CF}.ReleaseNoFrontend|Any CPU.Build.0 = ReleaseNoFrontend|Any CPU
		{150B6AF6-B1A3-41A0-B5BA-5E828EDC1B6E}.Debug|Any CPU.ActiveCfg = Debug|Any CPU
		{150B6AF6-B1A3-41A0-B5BA-5E828EDC1B6E}.Debug|Any CPU.Build.0 = Debug|Any CPU
		{150B6AF6-B1A3-41A0-B5BA-5E828EDC1B6E}.Release|Any CPU.ActiveCfg = Release|Any CPU
		{150B6AF6-B1A3-41A0-B5BA-5E828EDC1B6E}.Release|Any CPU.Build.0 = Release|Any CPU
		{150B6AF6-B1A3-41A0-B5BA-5E828EDC1B6E}.ReleaseNoFrontend|Any CPU.ActiveCfg = ReleaseNoFrontend|Any CPU
		{150B6AF6-B1A3-41A0-B5BA-5E828EDC1B6E}.ReleaseNoFrontend|Any CPU.Build.0 = ReleaseNoFrontend|Any CPU
		{6CF0B74B-F70F-4CA0-B8ED-6C59703B4C20}.Debug|Any CPU.ActiveCfg = Debug|Any CPU
		{6CF0B74B-F70F-4CA0-B8ED-6C59703B4C20}.Debug|Any CPU.Build.0 = Debug|Any CPU
		{6CF0B74B-F70F-4CA0-B8ED-6C59703B4C20}.Release|Any CPU.ActiveCfg = Release|Any CPU
		{6CF0B74B-F70F-4CA0-B8ED-6C59703B4C20}.Release|Any CPU.Build.0 = Release|Any CPU
		{6CF0B74B-F70F-4CA0-B8ED-6C59703B4C20}.ReleaseNoFrontend|Any CPU.ActiveCfg = ReleaseNoFrontend|Any CPU
		{6CF0B74B-F70F-4CA0-B8ED-6C59703B4C20}.ReleaseNoFrontend|Any CPU.Build.0 = ReleaseNoFrontend|Any CPU
		{455E113A-8431-4A2F-B9A7-F48A107CC758}.Debug|Any CPU.ActiveCfg = Debug|Any CPU
		{455E113A-8431-4A2F-B9A7-F48A107CC758}.Debug|Any CPU.Build.0 = Debug|Any CPU
		{455E113A-8431-4A2F-B9A7-F48A107CC758}.Release|Any CPU.ActiveCfg = Release|Any CPU
		{455E113A-8431-4A2F-B9A7-F48A107CC758}.Release|Any CPU.Build.0 = Release|Any CPU
		{455E113A-8431-4A2F-B9A7-F48A107CC758}.ReleaseNoFrontend|Any CPU.ActiveCfg = ReleaseNoFrontend|Any CPU
		{455E113A-8431-4A2F-B9A7-F48A107CC758}.ReleaseNoFrontend|Any CPU.Build.0 = ReleaseNoFrontend|Any CPU
	EndGlobalSection
EndGlobal
